
Microsoft Visual Studio Solution File, Format Version 12.00
# Visual Studio Version 17
VisualStudioVersion = 17.5.33414.496
MinimumVisualStudioVersion = 10.0.40219.1
Project("{FAE04EC0-301F-11D3-BF4B-00C04F79EFBC}") = "HackatonSoftserve", "HackatonSoftserve\HackatonSoftserve.csproj", "{AA78DA0A-1A47-4522-AF63-ACB9DAF9A536}"
EndProject
Global
	GlobalSection(SolutionConfigurationPlatforms) = preSolution
		Debug|Any CPU = Debug|Any CPU
		Release|Any CPU = Release|Any CPU
	EndGlobalSection
	GlobalSection(ProjectConfigurationPlatforms) = postSolution
		{AA78DA0A-1A47-4522-AF63-ACB9DAF9A536}.Debug|Any CPU.ActiveCfg = Debug|Any CPU
		{AA78DA0A-1A47-4522-AF63-ACB9DAF9A536}.Debug|Any CPU.Build.0 = Debug|Any CPU
		{AA78DA0A-1A47-4522-AF63-ACB9DAF9A536}.Release|Any CPU.ActiveCfg = Release|Any CPU
		{AA78DA0A-1A47-4522-AF63-ACB9DAF9A536}.Release|Any CPU.Build.0 = Release|Any CPU
	EndGlobalSection
	GlobalSection(SolutionProperties) = preSolution
		HideSolutionNode = FALSE
	EndGlobalSection
	GlobalSection(ExtensibilityGlobals) = postSolution
		SolutionGuid = {7383070B-5B3F-455E-A0FB-3B1FC5D88379}
	EndGlobalSection
EndGlobal
